
Microsoft Visual Studio Solution File, Format Version 12.00
# Visual Studio Version 17
VisualStudioVersion = 17.14.36121.58 d17.14
MinimumVisualStudioVersion = 10.0.40219.1
Project("{FAE04EC0-301F-11D3-BF4B-00C04F79EFBC}") = "Medicine exhibition api", "Medicine exhibition api.csproj", "{6B98FE1B-1A72-5081-FB9F-0F7E71BEDC58}"
EndProject
Global
	GlobalSection(SolutionConfigurationPlatforms) = preSolution
		Debug|Any CPU = Debug|Any CPU
		Release|Any CPU = Release|Any CPU
	EndGlobalSection
	GlobalSection(ProjectConfigurationPlatforms) = postSolution
		{6B98FE1B-1A72-5081-FB9F-0F7E71BEDC58}.Debug|Any CPU.ActiveCfg = Debug|Any CPU
		{6B98FE1B-1A72-5081-FB9F-0F7E71BEDC58}.Debug|Any CPU.Build.0 = Debug|Any CPU
		{6B98FE1B-1A72-5081-FB9F-0F7E71BEDC58}.Release|Any CPU.ActiveCfg = Release|Any CPU
		{6B98FE1B-1A72-5081-FB9F-0F7E71BEDC58}.Release|Any CPU.Build.0 = Release|Any CPU
	EndGlobalSection
	GlobalSection(SolutionProperties) = preSolution
		HideSolutionNode = FALSE
	EndGlobalSection
	GlobalSection(ExtensibilityGlobals) = postSolution
		SolutionGuid = {E0DCA7C4-78C2-4E3E-BCBA-17C02BDE1737}
	EndGlobalSection
EndGlobal
